
Microsoft Visual Studio Solution File, Format Version 12.00
# Visual Studio 15
VisualStudioVersion = 15.0.28307.489
MinimumVisualStudioVersion = 10.0.40219.1
Project("{FAE04EC0-301F-11D3-BF4B-00C04F79EFBC}") = "PR8", "PR8\PR8.csproj", "{CAEFA5A0-27D6-4504-8346-660E905CC97B}"
EndProject
Global
	GlobalSection(SolutionConfigurationPlatforms) = preSolution
		Debug|Any CPU = Debug|Any CPU
		Release|Any CPU = Release|Any CPU
	EndGlobalSection
	GlobalSection(ProjectConfigurationPlatforms) = postSolution
		{CAEFA5A0-27D6-4504-8346-660E905CC97B}.Debug|Any CPU.ActiveCfg = Debug|Any CPU
		{CAEFA5A0-27D6-4504-8346-660E905CC97B}.Debug|Any CPU.Build.0 = Debug|Any CPU
		{CAEFA5A0-27D6-4504-8346-660E905CC97B}.Release|Any CPU.ActiveCfg = Release|Any CPU
		{CAEFA5A0-27D6-4504-8346-660E905CC97B}.Release|Any CPU.Build.0 = Release|Any CPU
	EndGlobalSection
	GlobalSection(SolutionProperties) = preSolution
		HideSolutionNode = FALSE
	EndGlobalSection
	GlobalSection(ExtensibilityGlobals) = postSolution
		SolutionGuid = {A6E1FC02-876E-4D97-A0A0-530AA14406D5}
	EndGlobalSection
EndGlobal
